{
  "name": "aries_cli",
  "version": "1.0.0",
  "lockfileVersion": 1,
  "requires": true,
  "dependencies": {
    "@types/node": {
      "version": "15.9.0",
      "resolved": "https://bnpm.byted.org/@types/node/-/@types/node-15.9.0.tgz",
      "integrity": "sha1-C39sM8pWGP4ymp2DK0eLSWTTJag=",
      "dev": true
    },
    "commander": {
      "version": "7.2.0",
      "resolved": "https://bnpm.byted.org/commander/-/commander-7.2.0.tgz",
      "integrity": "sha1-o2y1fQtQHOEI5NIFWaFQo5HZerc="
    },
    "typescript": {
      "version": "4.3.2",
      "resolved": "https://registry.nlark.com/typescript/download/typescript-4.3.2.tgz?cache=0&sync_timestamp=1623655376903&other_urls=https%3A%2F%2Fregistry.nlark.com%2Ftypescript%2Fdownload%2Ftypescript-4.3.2.tgz",
      "integrity": "sha1-OZqxiqxFgC1vJJjeUFT8u+cWqAU="
    }
  }
}
